
Microsoft Visual Studio Solution File, Format Version 12.00
# Visual Studio Version 17
VisualStudioVersion = 17.5.33516.290
MinimumVisualStudioVersion = 10.0.40219.1
Project("{FAE04EC0-301F-11D3-BF4B-00C04F79EFBC}") = "Downloader_v_1", "Downloader_v_1\Downloader_v_1.csproj", "{BD29F457-542D-49A4-820E-C2A6D3CEE406}"
EndProject
Global
	GlobalSection(SolutionConfigurationPlatforms) = preSolution
		Debug|Any CPU = Debug|Any CPU
		Release|Any CPU = Release|Any CPU
	EndGlobalSection
	GlobalSection(ProjectConfigurationPlatforms) = postSolution
		{BD29F457-542D-49A4-820E-C2A6D3CEE406}.Debug|Any CPU.ActiveCfg = Debug|Any CPU
		{BD29F457-542D-49A4-820E-C2A6D3CEE406}.Debug|Any CPU.Build.0 = Debug|Any CPU
		{BD29F457-542D-49A4-820E-C2A6D3CEE406}.Release|Any CPU.ActiveCfg = Release|Any CPU
		{BD29F457-542D-49A4-820E-C2A6D3CEE406}.Release|Any CPU.Build.0 = Release|Any CPU
	EndGlobalSection
	GlobalSection(SolutionProperties) = preSolution
		HideSolutionNode = FALSE
	EndGlobalSection
	GlobalSection(ExtensibilityGlobals) = postSolution
		SolutionGuid = {F79CDAF9-F46D-4847-88A9-AFCE1BDCA877}
	EndGlobalSection
EndGlobal
